
Microsoft Visual Studio Solution File, Format Version 12.00
# Visual Studio Version 17
VisualStudioVersion = 17.3.32901.215
MinimumVisualStudioVersion = 10.0.40219.1
Project("{FAE04EC0-301F-11D3-BF4B-00C04F79EFBC}") = "Builder", "Builder.csproj", "{5C71F5DC-164B-4C33-B06A-1908B0B6169E}"
EndProject
Global
	GlobalSection(SolutionConfigurationPlatforms) = preSolution
		Debug|Any CPU = Debug|Any CPU
		Release|Any CPU = Release|Any CPU
	EndGlobalSection
	GlobalSection(ProjectConfigurationPlatforms) = postSolution
		{5C71F5DC-164B-4C33-B06A-1908B0B6169E}.Debug|Any CPU.ActiveCfg = Debug|Any CPU
		{5C71F5DC-164B-4C33-B06A-1908B0B6169E}.Debug|Any CPU.Build.0 = Debug|Any CPU
		{5C71F5DC-164B-4C33-B06A-1908B0B6169E}.Release|Any CPU.ActiveCfg = Release|Any CPU
		{5C71F5DC-164B-4C33-B06A-1908B0B6169E}.Release|Any CPU.Build.0 = Release|Any CPU
	EndGlobalSection
	GlobalSection(SolutionProperties) = preSolution
		HideSolutionNode = FALSE
	EndGlobalSection
	GlobalSection(ExtensibilityGlobals) = postSolution
		SolutionGuid = {8B3B2843-0DB4-4C09-BAAE-C1C3FF9B08CC}
	EndGlobalSection
EndGlobal
